
Microsoft Visual Studio Solution File, Format Version 12.00
Project("{FAE04EC0-301F-11D3-BF4B-00C04F79EFBC}") = "lab.02", "lab.02\lab.02.csproj", "{B24472B9-F1D5-4F14-9892-07FC6913D79A}"
EndProject
Project("{2150E333-8FDC-42A3-9474-1A3956D46DE8}") = "SolutionFolder1", "SolutionFolder1", "{C0410D81-6E52-4783-A288-6DBAAA61EC1D}"
EndProject
Global
	GlobalSection(SolutionConfigurationPlatforms) = preSolution
		Debug|Any CPU = Debug|Any CPU
		Release|Any CPU = Release|Any CPU
	EndGlobalSection
	GlobalSection(ProjectConfigurationPlatforms) = postSolution
		{B24472B9-F1D5-4F14-9892-07FC6913D79A}.Debug|Any CPU.ActiveCfg = Debug|Any CPU
		{B24472B9-F1D5-4F14-9892-07FC6913D79A}.Debug|Any CPU.Build.0 = Debug|Any CPU
		{B24472B9-F1D5-4F14-9892-07FC6913D79A}.Release|Any CPU.ActiveCfg = Release|Any CPU
		{B24472B9-F1D5-4F14-9892-07FC6913D79A}.Release|Any CPU.Build.0 = Release|Any CPU
	EndGlobalSection
EndGlobal
